
Microsoft Visual Studio Solution File, Format Version 12.00
# Visual Studio Version 17
VisualStudioVersion = 17.10.34928.147
MinimumVisualStudioVersion = 10.0.40219.1
Project("{FAE04EC0-301F-11D3-BF4B-00C04F79EFBC}") = "MentoriaCSharp.Fundamentos", "MentoriaCSharp.Fundamentos\MentoriaCSharp.Fundamentos.csproj", "{DA19277E-9A68-4A79-BE7C-82B594966847}"
EndProject
Global
	GlobalSection(SolutionConfigurationPlatforms) = preSolution
		Debug|Any CPU = Debug|Any CPU
		Release|Any CPU = Release|Any CPU
	EndGlobalSection
	GlobalSection(ProjectConfigurationPlatforms) = postSolution
		{DA19277E-9A68-4A79-BE7C-82B594966847}.Debug|Any CPU.ActiveCfg = Debug|Any CPU
		{DA19277E-9A68-4A79-BE7C-82B594966847}.Debug|Any CPU.Build.0 = Debug|Any CPU
		{DA19277E-9A68-4A79-BE7C-82B594966847}.Release|Any CPU.ActiveCfg = Release|Any CPU
		{DA19277E-9A68-4A79-BE7C-82B594966847}.Release|Any CPU.Build.0 = Release|Any CPU
	EndGlobalSection
	GlobalSection(SolutionProperties) = preSolution
		HideSolutionNode = FALSE
	EndGlobalSection
	GlobalSection(ExtensibilityGlobals) = postSolution
		SolutionGuid = {CBA988C5-E4B2-4C0E-A310-0C7DAD9D3D8E}
	EndGlobalSection
EndGlobal
